Microsoft Visual Studio Solution File, Format Version 11.00
# Visual Studio 2010
Project("{8BC9CEB8-8B4A-11D0-8D11-00A0C91BC942}") = "World Of Warcraft Studio - Editor", "src\Editor\World Of Warcraft - Editor.vcxproj", "{844CF7AA-4B86-4059-B1A2-2C948C6EE606}"
EndProject
Project("{8BC9CEB8-8B4A-11D0-8D11-00A0C91BC942}") = "World of Warcraft Studio - Editor - Launcher", "src\Launcher\World of Warcraft - Editor Launcher.vcxproj", "{2662E77B-E9B9-4B38-895E-685EDB832C27}"
EndProject
Project("{8BC9CEB8-8B4A-11D0-8D11-00A0C91BC942}") = "World of Warcraft Studio - Test config", "src\World of Warcraft Studio - Test config\World of Warcraft Studio - Test config.vcxproj", "{33F48B6F-DB08-4A0F-86AB-E44EF9345841}"
EndProject
Project("{8BC9CEB8-8B4A-11D0-8D11-00A0C91BC942}") = "bzlib2", "src\bzlib2\bzlib2.vcxproj", "{D7D02E94-1022-425C-8077-3C9B1C13DE1A}"
EndProject
Project("{8BC9CEB8-8B4A-11D0-8D11-00A0C91BC942}") = "zlib", "src\zlib\zlib.vcxproj", "{F005B50F-26DB-4174-BBDC-E4E86F66C0A2}"
EndProject
Project("{8BC9CEB8-8B4A-11D0-8D11-00A0C91BC942}") = "libmpq", "src\libmpq\libmpq.vcxproj", "{E4010421-1266-4B9D-A1D0-2DC7435E6315}"
EndProject
Global
	GlobalSection(SolutionConfigurationPlatforms) = preSolution
		Debug|Win32 = Debug|Win32
		Debug|x64 = Debug|x64
		DebugAD|Win32 = DebugAD|Win32
		DebugAD|x64 = DebugAD|x64
		DebugAS|Win32 = DebugAS|Win32
		DebugAS|x64 = DebugAS|x64
		DebugUD|Win32 = DebugUD|Win32
		DebugUD|x64 = DebugUD|x64
		DebugUS|Win32 = DebugUS|Win32
		DebugUS|x64 = DebugUS|x64
		Release|Win32 = Release|Win32
		Release|x64 = Release|x64
		ReleaseAD|Win32 = ReleaseAD|Win32
		ReleaseAD|x64 = ReleaseAD|x64
		ReleaseAS|Win32 = ReleaseAS|Win32
		ReleaseAS|x64 = ReleaseAS|x64
		ReleaseUD|Win32 = ReleaseUD|Win32
		ReleaseUD|x64 = ReleaseUD|x64
		ReleaseUS|Win32 = ReleaseUS|Win32
		ReleaseUS|x64 = ReleaseUS|x64
	EndGlobalSection
	GlobalSection(ProjectConfigurationPlatforms) = postSolution
		{844CF7AA-4B86-4059-B1A2-2C948C6EE606}.Debug|Win32.ActiveCfg = Debug|Win32
		{844CF7AA-4B86-4059-B1A2-2C948C6EE606}.Debug|Win32.Build.0 = Debug|Win32
		{844CF7AA-4B86-4059-B1A2-2C948C6EE606}.Debug|x64.ActiveCfg = Debug|Win32
		{844CF7AA-4B86-4059-B1A2-2C948C6EE606}.DebugAD|Win32.ActiveCfg = Debug|Win32
		{844CF7AA-4B86-4059-B1A2-2C948C6EE606}.DebugAD|Win32.Build.0 = Debug|Win32
		{844CF7AA-4B86-4059-B1A2-2C948C6EE606}.DebugAD|x64.ActiveCfg = Debug|Win32
		{844CF7AA-4B86-4059-B1A2-2C948C6EE606}.DebugAS|Win32.ActiveCfg = Debug|Win32
		{844CF7AA-4B86-4059-B1A2-2C948C6EE606}.DebugAS|Win32.Build.0 = Debug|Win32
		{844CF7AA-4B86-4059-B1A2-2C948C6EE606}.DebugAS|x64.ActiveCfg = Debug|Win32
		{844CF7AA-4B86-4059-B1A2-2C948C6EE606}.DebugUD|Win32.ActiveCfg = Debug|Win32
		{844CF7AA-4B86-4059-B1A2-2C948C6EE606}.DebugUD|Win32.Build.0 = Debug|Win32
		{844CF7AA-4B86-4059-B1A2-2C948C6EE606}.DebugUD|x64.ActiveCfg = Debug|Win32
		{844CF7AA-4B86-4059-B1A2-2C948C6EE606}.DebugUS|Win32.ActiveCfg = Debug|Win32
		{844CF7AA-4B86-4059-B1A2-2C948C6EE606}.DebugUS|Win32.Build.0 = Debug|Win32
		{844CF7AA-4B86-4059-B1A2-2C948C6EE606}.DebugUS|x64.ActiveCfg = Debug|Win32
		{844CF7AA-4B86-4059-B1A2-2C948C6EE606}.Release|Win32.ActiveCfg = Release|Win32
		{844CF7AA-4B86-4059-B1A2-2C948C6EE606}.Release|Win32.Build.0 = Release|Win32
		{844CF7AA-4B86-4059-B1A2-2C948C6EE606}.Release|x64.ActiveCfg = Release|Win32
		{844CF7AA-4B86-4059-B1A2-2C948C6EE606}.ReleaseAD|Win32.ActiveCfg = Release|Win32
		{844CF7AA-4B86-4059-B1A2-2C948C6EE606}.ReleaseAD|Win32.Build.0 = Release|Win32
		{844CF7AA-4B86-4059-B1A2-2C948C6EE606}.ReleaseAD|x64.ActiveCfg = Release|Win32
		{844CF7AA-4B86-4059-B1A2-2C948C6EE606}.ReleaseAS|Win32.ActiveCfg = Release|Win32
		{844CF7AA-4B86-4059-B1A2-2C948C6EE606}.ReleaseAS|Win32.Build.0 = Release|Win32
		{844CF7AA-4B86-4059-B1A2-2C948C6EE606}.ReleaseAS|x64.ActiveCfg = Release|Win32
		{844CF7AA-4B86-4059-B1A2-2C948C6EE606}.ReleaseUD|Win32.ActiveCfg = Release|Win32
		{844CF7AA-4B86-4059-B1A2-2C948C6EE606}.ReleaseUD|Win32.Build.0 = Release|Win32
		{844CF7AA-4B86-4059-B1A2-2C948C6EE606}.ReleaseUD|x64.ActiveCfg = Release|Win32
		{844CF7AA-4B86-4059-B1A2-2C948C6EE606}.ReleaseUS|Win32.ActiveCfg = Release|Win32
		{844CF7AA-4B86-4059-B1A2-2C948C6EE606}.ReleaseUS|Win32.Build.0 = Release|Win32
		{844CF7AA-4B86-4059-B1A2-2C948C6EE606}.ReleaseUS|x64.ActiveCfg = Release|Win32
		{2662E77B-E9B9-4B38-895E-685EDB832C27}.Debug|Win32.ActiveCfg = Debug|Win32
		{2662E77B-E9B9-4B38-895E-685EDB832C27}.Debug|Win32.Build.0 = Debug|Win32
		{2662E77B-E9B9-4B38-895E-685EDB832C27}.Debug|x64.ActiveCfg = Debug|Win32
		{2662E77B-E9B9-4B38-895E-685EDB832C27}.DebugAD|Win32.ActiveCfg = Debug|Win32
		{2662E77B-E9B9-4B38-895E-685EDB832C27}.DebugAD|Win32.Build.0 = Debug|Win32
		{2662E77B-E9B9-4B38-895E-685EDB832C27}.DebugAD|x64.ActiveCfg = Debug|Win32
		{2662E77B-E9B9-4B38-895E-685EDB832C27}.DebugAS|Win32.ActiveCfg = Debug|Win32
		{2662E77B-E9B9-4B38-895E-685EDB832C27}.DebugAS|Win32.Build.0 = Debug|Win32
		{2662E77B-E9B9-4B38-895E-685EDB832C27}.DebugAS|x64.ActiveCfg = Debug|Win32
		{2662E77B-E9B9-4B38-895E-685EDB832C27}.DebugUD|Win32.ActiveCfg = Debug|Win32
		{2662E77B-E9B9-4B38-895E-685EDB832C27}.DebugUD|Win32.Build.0 = Debug|Win32
		{2662E77B-E9B9-4B38-895E-685EDB832C27}.DebugUD|x64.ActiveCfg = Debug|Win32
		{2662E77B-E9B9-4B38-895E-685EDB832C27}.DebugUS|Win32.ActiveCfg = Debug|Win32
		{2662E77B-E9B9-4B38-895E-685EDB832C27}.DebugUS|Win32.Build.0 = Debug|Win32
		{2662E77B-E9B9-4B38-895E-685EDB832C27}.DebugUS|x64.ActiveCfg = Debug|Win32
		{2662E77B-E9B9-4B38-895E-685EDB832C27}.Release|Win32.ActiveCfg = Release|Win32
		{2662E77B-E9B9-4B38-895E-685EDB832C27}.Release|Win32.Build.0 = Release|Win32
		{2662E77B-E9B9-4B38-895E-685EDB832C27}.Release|x64.ActiveCfg = Release|Win32
		{2662E77B-E9B9-4B38-895E-685EDB832C27}.ReleaseAD|Win32.ActiveCfg = Release|Win32
		{2662E77B-E9B9-4B38-895E-685EDB832C27}.ReleaseAD|Win32.Build.0 = Release|Win32
		{2662E77B-E9B9-4B38-895E-685EDB832C27}.ReleaseAD|x64.ActiveCfg = Release|Win32
		{2662E77B-E9B9-4B38-895E-685EDB832C27}.ReleaseAS|Win32.ActiveCfg = Release|Win32
		{2662E77B-E9B9-4B38-895E-685EDB832C27}.ReleaseAS|Win32.Build.0 = Release|Win32
		{2662E77B-E9B9-4B38-895E-685EDB832C27}.ReleaseAS|x64.ActiveCfg = Release|Win32
		{2662E77B-E9B9-4B38-895E-685EDB832C27}.ReleaseUD|Win32.ActiveCfg = Release|Win32
		{2662E77B-E9B9-4B38-895E-685EDB832C27}.ReleaseUD|Win32.Build.0 = Release|Win32
		{2662E77B-E9B9-4B38-895E-685EDB832C27}.ReleaseUD|x64.ActiveCfg = Release|Win32
		{2662E77B-E9B9-4B38-895E-685EDB832C27}.ReleaseUS|Win32.ActiveCfg = Release|Win32
		{2662E77B-E9B9-4B38-895E-685EDB832C27}.ReleaseUS|Win32.Build.0 = Release|Win32
		{2662E77B-E9B9-4B38-895E-685EDB832C27}.ReleaseUS|x64.ActiveCfg = Release|Win32
		{33F48B6F-DB08-4A0F-86AB-E44EF9345841}.Debug|Win32.ActiveCfg = Debug|Win32
		{33F48B6F-DB08-4A0F-86AB-E44EF9345841}.Debug|Win32.Build.0 = Debug|Win32
		{33F48B6F-DB08-4A0F-86AB-E44EF9345841}.Debug|x64.ActiveCfg = Debug|Win32
		{33F48B6F-DB08-4A0F-86AB-E44EF9345841}.DebugAD|Win32.ActiveCfg = Debug|Win32
		{33F48B6F-DB08-4A0F-86AB-E44EF9345841}.DebugAD|Win32.Build.0 = Debug|Win32
		{33F48B6F-DB08-4A0F-86AB-E44EF9345841}.DebugAD|x64.ActiveCfg = Debug|Win32
		{33F48B6F-DB08-4A0F-86AB-E44EF9345841}.DebugAS|Win32.ActiveCfg = Debug|Win32
		{33F48B6F-DB08-4A0F-86AB-E44EF9345841}.DebugAS|Win32.Build.0 = Debug|Win32
		{33F48B6F-DB08-4A0F-86AB-E44EF9345841}.DebugAS|x64.ActiveCfg = Debug|Win32
		{33F48B6F-DB08-4A0F-86AB-E44EF9345841}.DebugUD|Win32.ActiveCfg = Debug|Win32
		{33F48B6F-DB08-4A0F-86AB-E44EF9345841}.DebugUD|Win32.Build.0 = Debug|Win32
		{33F48B6F-DB08-4A0F-86AB-E44EF9345841}.DebugUD|x64.ActiveCfg = Debug|Win32
		{33F48B6F-DB08-4A0F-86AB-E44EF9345841}.DebugUS|Win32.ActiveCfg = Debug|Win32
		{33F48B6F-DB08-4A0F-86AB-E44EF9345841}.DebugUS|Win32.Build.0 = Debug|Win32
		{33F48B6F-DB08-4A0F-86AB-E44EF9345841}.DebugUS|x64.ActiveCfg = Debug|Win32
		{33F48B6F-DB08-4A0F-86AB-E44EF9345841}.Release|Win32.ActiveCfg = Release|Win32
		{33F48B6F-DB08-4A0F-86AB-E44EF9345841}.Release|Win32.Build.0 = Release|Win32
		{33F48B6F-DB08-4A0F-86AB-E44EF9345841}.Release|x64.ActiveCfg = Release|Win32
		{33F48B6F-DB08-4A0F-86AB-E44EF9345841}.ReleaseAD|Win32.ActiveCfg = Release|Win32
		{33F48B6F-DB08-4A0F-86AB-E44EF9345841}.ReleaseAD|Win32.Build.0 = Release|Win32
		{33F48B6F-DB08-4A0F-86AB-E44EF9345841}.ReleaseAD|x64.ActiveCfg = Release|Win32
		{33F48B6F-DB08-4A0F-86AB-E44EF9345841}.ReleaseAS|Win32.ActiveCfg = Release|Win32
		{33F48B6F-DB08-4A0F-86AB-E44EF9345841}.ReleaseAS|Win32.Build.0 = Release|Win32
		{33F48B6F-DB08-4A0F-86AB-E44EF9345841}.ReleaseAS|x64.ActiveCfg = Release|Win32
		{33F48B6F-DB08-4A0F-86AB-E44EF9345841}.ReleaseUD|Win32.ActiveCfg = Release|Win32
		{33F48B6F-DB08-4A0F-86AB-E44EF9345841}.ReleaseUD|Win32.Build.0 = Release|Win32
		{33F48B6F-DB08-4A0F-86AB-E44EF9345841}.ReleaseUD|x64.ActiveCfg = Release|Win32
		{33F48B6F-DB08-4A0F-86AB-E44EF9345841}.ReleaseUS|Win32.ActiveCfg = Release|Win32
		{33F48B6F-DB08-4A0F-86AB-E44EF9345841}.ReleaseUS|Win32.Build.0 = Release|Win32
		{33F48B6F-DB08-4A0F-86AB-E44EF9345841}.ReleaseUS|x64.ActiveCfg = Release|Win32
		{D7D02E94-1022-425C-8077-3C9B1C13DE1A}.Debug|Win32.ActiveCfg = Debug|Win32
		{D7D02E94-1022-425C-8077-3C9B1C13DE1A}.Debug|Win32.Build.0 = Debug|Win32
		{D7D02E94-1022-425C-8077-3C9B1C13DE1A}.Debug|x64.ActiveCfg = Debug|Win32
		{D7D02E94-1022-425C-8077-3C9B1C13DE1A}.DebugAD|Win32.ActiveCfg = Debug|Win32
		{D7D02E94-1022-425C-8077-3C9B1C13DE1A}.DebugAD|Win32.Build.0 = Debug|Win32
		{D7D02E94-1022-425C-8077-3C9B1C13DE1A}.DebugAD|x64.ActiveCfg = Debug|Win32
		{D7D02E94-1022-425C-8077-3C9B1C13DE1A}.DebugAS|Win32.ActiveCfg = Debug|Win32
		{D7D02E94-1022-425C-8077-3C9B1C13DE1A}.DebugAS|Win32.Build.0 = Debug|Win32
		{D7D02E94-1022-425C-8077-3C9B1C13DE1A}.DebugAS|x64.ActiveCfg = Debug|Win32
		{D7D02E94-1022-425C-8077-3C9B1C13DE1A}.DebugUD|Win32.ActiveCfg = Debug|Win32
		{D7D02E94-1022-425C-8077-3C9B1C13DE1A}.DebugUD|Win32.Build.0 = Debug|Win32
		{D7D02E94-1022-425C-8077-3C9B1C13DE1A}.DebugUD|x64.ActiveCfg = Debug|Win32
		{D7D02E94-1022-425C-8077-3C9B1C13DE1A}.DebugUS|Win32.ActiveCfg = Debug|Win32
		{D7D02E94-1022-425C-8077-3C9B1C13DE1A}.DebugUS|Win32.Build.0 = Debug|Win32
		{D7D02E94-1022-425C-8077-3C9B1C13DE1A}.DebugUS|x64.ActiveCfg = Debug|Win32
		{D7D02E94-1022-425C-8077-3C9B1C13DE1A}.Release|Win32.ActiveCfg = Release|Win32
		{D7D02E94-1022-425C-8077-3C9B1C13DE1A}.Release|Win32.Build.0 = Release|Win32
		{D7D02E94-1022-425C-8077-3C9B1C13DE1A}.Release|x64.ActiveCfg = Release|Win32
		{D7D02E94-1022-425C-8077-3C9B1C13DE1A}.ReleaseAD|Win32.ActiveCfg = Release|Win32
		{D7D02E94-1022-425C-8077-3C9B1C13DE1A}.ReleaseAD|Win32.Build.0 = Release|Win32
		{D7D02E94-1022-425C-8077-3C9B1C13DE1A}.ReleaseAD|x64.ActiveCfg = Release|Win32
		{D7D02E94-1022-425C-8077-3C9B1C13DE1A}.ReleaseAS|Win32.ActiveCfg = Release|Win32
		{D7D02E94-1022-425C-8077-3C9B1C13DE1A}.ReleaseAS|Win32.Build.0 = Release|Win32
		{D7D02E94-1022-425C-8077-3C9B1C13DE1A}.ReleaseAS|x64.ActiveCfg = Release|Win32
		{D7D02E94-1022-425C-8077-3C9B1C13DE1A}.ReleaseUD|Win32.ActiveCfg = Release|Win32
		{D7D02E94-1022-425C-8077-3C9B1C13DE1A}.ReleaseUD|Win32.Build.0 = Release|Win32
		{D7D02E94-1022-425C-8077-3C9B1C13DE1A}.ReleaseUD|x64.ActiveCfg = Release|Win32
		{D7D02E94-1022-425C-8077-3C9B1C13DE1A}.ReleaseUS|Win32.ActiveCfg = Release|Win32
		{D7D02E94-1022-425C-8077-3C9B1C13DE1A}.ReleaseUS|Win32.Build.0 = Release|Win32
		{D7D02E94-1022-425C-8077-3C9B1C13DE1A}.ReleaseUS|x64.ActiveCfg = Release|Win32
		{F005B50F-26DB-4174-BBDC-E4E86F66C0A2}.Debug|Win32.ActiveCfg = Debug|Win32
		{F005B50F-26DB-4174-BBDC-E4E86F66C0A2}.Debug|Win32.Build.0 = Debug|Win32
		{F005B50F-26DB-4174-BBDC-E4E86F66C0A2}.Debug|x64.ActiveCfg = Debug|Win32
		{F005B50F-26DB-4174-BBDC-E4E86F66C0A2}.DebugAD|Win32.ActiveCfg = Debug|Win32
		{F005B50F-26DB-4174-BBDC-E4E86F66C0A2}.DebugAD|Win32.Build.0 = Debug|Win32
		{F005B50F-26DB-4174-BBDC-E4E86F66C0A2}.DebugAD|x64.ActiveCfg = Debug|Win32
		{F005B50F-26DB-4174-BBDC-E4E86F66C0A2}.DebugAS|Win32.ActiveCfg = Debug|Win32
		{F005B50F-26DB-4174-BBDC-E4E86F66C0A2}.DebugAS|Win32.Build.0 = Debug|Win32
		{F005B50F-26DB-4174-BBDC-E4E86F66C0A2}.DebugAS|x64.ActiveCfg = Debug|Win32
		{F005B50F-26DB-4174-BBDC-E4E86F66C0A2}.DebugUD|Win32.ActiveCfg = Debug|Win32
		{F005B50F-26DB-4174-BBDC-E4E86F66C0A2}.DebugUD|Win32.Build.0 = Debug|Win32
		{F005B50F-26DB-4174-BBDC-E4E86F66C0A2}.DebugUD|x64.ActiveCfg = Debug|Win32
		{F005B50F-26DB-4174-BBDC-E4E86F66C0A2}.DebugUS|Win32.ActiveCfg = Debug|Win32
		{F005B50F-26DB-4174-BBDC-E4E86F66C0A2}.DebugUS|Win32.Build.0 = Debug|Win32
		{F005B50F-26DB-4174-BBDC-E4E86F66C0A2}.DebugUS|x64.ActiveCfg = Debug|Win32
		{F005B50F-26DB-4174-BBDC-E4E86F66C0A2}.Release|Win32.ActiveCfg = Release|Win32
		{F005B50F-26DB-4174-BBDC-E4E86F66C0A2}.Release|Win32.Build.0 = Release|Win32
		{F005B50F-26DB-4174-BBDC-E4E86F66C0A2}.Release|x64.ActiveCfg = Release|Win32
		{F005B50F-26DB-4174-BBDC-E4E86F66C0A2}.ReleaseAD|Win32.ActiveCfg = Release|Win32
		{F005B50F-26DB-4174-BBDC-E4E86F66C0A2}.ReleaseAD|Win32.Build.0 = Release|Win32
		{F005B50F-26DB-4174-BBDC-E4E86F66C0A2}.ReleaseAD|x64.ActiveCfg = Release|Win32
		{F005B50F-26DB-4174-BBDC-E4E86F66C0A2}.ReleaseAS|Win32.ActiveCfg = Release|Win32
		{F005B50F-26DB-4174-BBDC-E4E86F66C0A2}.ReleaseAS|Win32.Build.0 = Release|Win32
		{F005B50F-26DB-4174-BBDC-E4E86F66C0A2}.ReleaseAS|x64.ActiveCfg = Release|Win32
		{F005B50F-26DB-4174-BBDC-E4E86F66C0A2}.ReleaseUD|Win32.ActiveCfg = Release|Win32
		{F005B50F-26DB-4174-BBDC-E4E86F66C0A2}.ReleaseUD|Win32.Build.0 = Release|Win32
		{F005B50F-26DB-4174-BBDC-E4E86F66C0A2}.ReleaseUD|x64.ActiveCfg = Release|Win32
		{F005B50F-26DB-4174-BBDC-E4E86F66C0A2}.ReleaseUS|Win32.ActiveCfg = Release|Win32
		{F005B50F-26DB-4174-BBDC-E4E86F66C0A2}.ReleaseUS|Win32.Build.0 = Release|Win32
		{F005B50F-26DB-4174-BBDC-E4E86F66C0A2}.ReleaseUS|x64.ActiveCfg = Release|Win32
		{E4010421-1266-4B9D-A1D0-2DC7435E6315}.Debug|Win32.ActiveCfg = Debug|Win32
		{E4010421-1266-4B9D-A1D0-2DC7435E6315}.Debug|Win32.Build.0 = Debug|Win32
		{E4010421-1266-4B9D-A1D0-2DC7435E6315}.Debug|x64.ActiveCfg = Debug|Win32
		{E4010421-1266-4B9D-A1D0-2DC7435E6315}.DebugAD|Win32.ActiveCfg = Debug|Win32
		{E4010421-1266-4B9D-A1D0-2DC7435E6315}.DebugAD|Win32.Build.0 = Debug|Win32
		{E4010421-1266-4B9D-A1D0-2DC7435E6315}.DebugAD|x64.ActiveCfg = Debug|Win32
		{E4010421-1266-4B9D-A1D0-2DC7435E6315}.DebugAS|Win32.ActiveCfg = Debug|Win32
		{E4010421-1266-4B9D-A1D0-2DC7435E6315}.DebugAS|Win32.Build.0 = Debug|Win32
		{E4010421-1266-4B9D-A1D0-2DC7435E6315}.DebugAS|x64.ActiveCfg = Debug|Win32
		{E4010421-1266-4B9D-A1D0-2DC7435E6315}.DebugUD|Win32.ActiveCfg = Debug|Win32
		{E4010421-1266-4B9D-A1D0-2DC7435E6315}.DebugUD|Win32.Build.0 = Debug|Win32
		{E4010421-1266-4B9D-A1D0-2DC7435E6315}.DebugUD|x64.ActiveCfg = Debug|Win32
		{E4010421-1266-4B9D-A1D0-2DC7435E6315}.DebugUS|Win32.ActiveCfg = Debug|Win32
		{E4010421-1266-4B9D-A1D0-2DC7435E6315}.DebugUS|Win32.Build.0 = Debug|Win32
		{E4010421-1266-4B9D-A1D0-2DC7435E6315}.DebugUS|x64.ActiveCfg = Debug|Win32
		{E4010421-1266-4B9D-A1D0-2DC7435E6315}.Release|Win32.ActiveCfg = Release|Win32
		{E4010421-1266-4B9D-A1D0-2DC7435E6315}.Release|Win32.Build.0 = Release|Win32
		{E4010421-1266-4B9D-A1D0-2DC7435E6315}.Release|x64.ActiveCfg = Release|Win32
		{E4010421-1266-4B9D-A1D0-2DC7435E6315}.ReleaseAD|Win32.ActiveCfg = Release|Win32
		{E4010421-1266-4B9D-A1D0-2DC7435E6315}.ReleaseAD|Win32.Build.0 = Release|Win32
		{E4010421-1266-4B9D-A1D0-2DC7435E6315}.ReleaseAD|x64.ActiveCfg = Release|Win32
		{E4010421-1266-4B9D-A1D0-2DC7435E6315}.ReleaseAS|Win32.ActiveCfg = Release|Win32
		{E4010421-1266-4B9D-A1D0-2DC7435E6315}.ReleaseAS|Win32.Build.0 = Release|Win32
		{E4010421-1266-4B9D-A1D0-2DC7435E6315}.ReleaseAS|x64.ActiveCfg = Release|Win32
		{E4010421-1266-4B9D-A1D0-2DC7435E6315}.ReleaseUD|Win32.ActiveCfg = Release|Win32
		{E4010421-1266-4B9D-A1D0-2DC7435E6315}.ReleaseUD|Win32.Build.0 = Release|Win32
		{E4010421-1266-4B9D-A1D0-2DC7435E6315}.ReleaseUD|x64.ActiveCfg = Release|Win32
		{E4010421-1266-4B9D-A1D0-2DC7435E6315}.ReleaseUS|Win32.ActiveCfg = Release|Win32
		{E4010421-1266-4B9D-A1D0-2DC7435E6315}.ReleaseUS|Win32.Build.0 = Release|Win32
		{E4010421-1266-4B9D-A1D0-2DC7435E6315}.ReleaseUS|x64.ActiveCfg = Release|Win32
	EndGlobalSection
	GlobalSection(SolutionProperties) = preSolution
		HideSolutionNode = FALSE
	EndGlobalSection
EndGlobal
